
Microsoft Visual Studio Solution File, Format Version 12.00
# Visual Studio Version 17
VisualStudioVersion = 17.3.32929.385
MinimumVisualStudioVersion = 10.0.40219.1
Project("{FAE04EC0-301F-11D3-BF4B-00C04F79EFBC}") = "Portfolio", "Portfolio\Portfolio.csproj", "{5957CC95-79D5-4F2A-94BD-5249B60A2319}"
EndProject
Global
	GlobalSection(SolutionConfigurationPlatforms) = preSolution
		Debug|Any CPU = Debug|Any CPU
		Release|Any CPU = Release|Any CPU
	EndGlobalSection
	GlobalSection(ProjectConfigurationPlatforms) = postSolution
		{5957CC95-79D5-4F2A-94BD-5249B60A2319}.Debug|Any CPU.ActiveCfg = Debug|Any CPU
		{5957CC95-79D5-4F2A-94BD-5249B60A2319}.Debug|Any CPU.Build.0 = Debug|Any CPU
		{5957CC95-79D5-4F2A-94BD-5249B60A2319}.Release|Any CPU.ActiveCfg = Release|Any CPU
		{5957CC95-79D5-4F2A-94BD-5249B60A2319}.Release|Any CPU.Build.0 = Release|Any CPU
	EndGlobalSection
	GlobalSection(SolutionProperties) = preSolution
		HideSolutionNode = FALSE
	EndGlobalSection
	GlobalSection(ExtensibilityGlobals) = postSolution
		SolutionGuid = {19E4F082-B2A4-46AB-A3C9-C7233FBCC882}
	EndGlobalSection
EndGlobal
